
Microsoft Visual Studio Solution File, Format Version 12.00
# Visual Studio Version 17
VisualStudioVersion = 17.9.34701.34
MinimumVisualStudioVersion = 10.0.40219.1
Project("{FAE04EC0-301F-11D3-BF4B-00C04F79EFBC}") = "DisasterRelief", "DisasterRelief.csproj", "{5870ADE5-56EE-4424-BD77-D79BE0DD2B16}"
EndProject
Project("{FAE04EC0-301F-11D3-BF4B-00C04F79EFBC}") = "DisasterRelief.Tests", "..\DisasterRelief.Tests\DisasterRelief.Tests.csproj", "{39398CAD-F248-44EE-91FF-BEAA723ADF73}"
EndProject
Global
	GlobalSection(SolutionConfigurationPlatforms) = preSolution
		Debug|Any CPU = Debug|Any CPU
		Release|Any CPU = Release|Any CPU
	EndGlobalSection
	GlobalSection(ProjectConfigurationPlatforms) = postSolution
		{5870ADE5-56EE-4424-BD77-D79BE0DD2B16}.Debug|Any CPU.ActiveCfg = Debug|Any CPU
		{5870ADE5-56EE-4424-BD77-D79BE0DD2B16}.Debug|Any CPU.Build.0 = Debug|Any CPU
		{5870ADE5-56EE-4424-BD77-D79BE0DD2B16}.Release|Any CPU.ActiveCfg = Release|Any CPU
		{5870ADE5-56EE-4424-BD77-D79BE0DD2B16}.Release|Any CPU.Build.0 = Release|Any CPU
		{39398CAD-F248-44EE-91FF-BEAA723ADF73}.Debug|Any CPU.ActiveCfg = Debug|Any CPU
		{39398CAD-F248-44EE-91FF-BEAA723ADF73}.Debug|Any CPU.Build.0 = Debug|Any CPU
		{39398CAD-F248-44EE-91FF-BEAA723ADF73}.Release|Any CPU.ActiveCfg = Release|Any CPU
		{39398CAD-F248-44EE-91FF-BEAA723ADF73}.Release|Any CPU.Build.0 = Release|Any CPU
	EndGlobalSection
	GlobalSection(SolutionProperties) = preSolution
		HideSolutionNode = FALSE
	EndGlobalSection
	GlobalSection(ExtensibilityGlobals) = postSolution
		SolutionGuid = {91FCF049-EB5A-425E-A8B2-5AF6777BE1DD}
	EndGlobalSection
EndGlobal
